
Microsoft Visual Studio Solution File, Format Version 12.00
# Visual Studio Version 17
VisualStudioVersion = 17.9.34607.119
MinimumVisualStudioVersion = 10.0.40219.1
Project("{FAE04EC0-301F-11D3-BF4B-00C04F79EFBC}") = "Authorization", "Authorization\Authorization.csproj", "{CC274DC5-B6AC-478D-84AD-241E2F8B4BBF}"
EndProject
Global
	GlobalSection(SolutionConfigurationPlatforms) = preSolution
		Debug|Any CPU = Debug|Any CPU
		Release|Any CPU = Release|Any CPU
	EndGlobalSection
	GlobalSection(ProjectConfigurationPlatforms) = postSolution
		{CC274DC5-B6AC-478D-84AD-241E2F8B4BBF}.Debug|Any CPU.ActiveCfg = Debug|Any CPU
		{CC274DC5-B6AC-478D-84AD-241E2F8B4BBF}.Debug|Any CPU.Build.0 = Debug|Any CPU
		{CC274DC5-B6AC-478D-84AD-241E2F8B4BBF}.Release|Any CPU.ActiveCfg = Release|Any CPU
		{CC274DC5-B6AC-478D-84AD-241E2F8B4BBF}.Release|Any CPU.Build.0 = Release|Any CPU
	EndGlobalSection
	GlobalSection(SolutionProperties) = preSolution
		HideSolutionNode = FALSE
	EndGlobalSection
	GlobalSection(ExtensibilityGlobals) = postSolution
		SolutionGuid = {8809E47B-C458-421E-B261-6A3E19147118}
	EndGlobalSection
EndGlobal
